// !$*UTF8*$!
{
	archiveVersion = 1;
	classes = {
	};
	objectVersion = 50;
	objects = {

/* Begin PBXBuildFile section */
		D95AE7452447D03A002C944E /* AppDelegate.swift in Sources */ = {isa = PBXBuildFile; fileRef = D95AE7442447D03A002C944E /* AppDelegate.swift */; };
		D95AE7472447D03A002C944E /* ViewController.swift in Sources */ = {isa = PBXBuildFile; fileRef = D95AE7462447D03A002C944E /* ViewController.swift */; };
		D95AE7492447D03B002C944E /* Assets.xcassets in Resources */ = {isa = PBXBuildFile; fileRef = D95AE7482447D03B002C944E /* Assets.xcassets */; };
		D95AE74C2447D03C002C944E /* Main.storyboard in Resources */ = {isa = PBXBuildFile; fileRef = D95AE74A2447D03C002C944E /* Main.storyboard */; };
		D95AE7582447D03C002C944E /* MandelbrotOSX4Tests.swift in Sources */ = {isa = PBXBuildFile; fileRef = D95AE7572447D03C002C944E /* MandelbrotOSX4Tests.swift */; };
		D95AE7632447D03C002C944E /* MandelbrotOSX4UITests.swift in Sources */ = {isa = PBXBuildFile; fileRef = D95AE7622447D03C002C944E /* MandelbrotOSX4UITests.swift */; };
		D95AE7712447D09B002C944E /* CustomImageView.swift in Sources */ = {isa = PBXBuildFile; fileRef = D95AE7702447D09B002C944E /* CustomImageView.swift */; };
/* End PBXBuildFile section */

/* Begin PBXContainerItemProxy section */
		D95AE7542447D03C002C944E /* PBXContainerItemProxy */ = {
			isa = PBXContainerItemProxy;
			containerPortal = D95AE7392447D03A002C944E /* Project object */;
			proxyType = 1;
			remoteGlobalIDString = D95AE7402447D03A002C944E;
			remoteInfo = MandelbrotOSX4;
		};
		D95AE75F2447D03C002C944E /* PBXContainerItemProxy */ = {
			isa = PBXContainerItemProxy;
			containerPortal = D95AE7392447D03A002C944E /* Project object */;
			proxyType = 1;
			remoteGlobalIDString = D95AE7402447D03A002C944E;
			remoteInfo = MandelbrotOSX4;
		};
/* End PBXContainerItemProxy section */

/* Begin PBXFileReference section */
		D95AE7412447D03A002C944E /* MandelbrotOSX4.app */ = {isa = PBXFileReference; explicitFileType = wrapper.application; includeInIndex = 0; path = MandelbrotOSX4.app; sourceTree = BUILT_PRODUCTS_DIR; };
		D95AE7442447D03A002C944E /* AppDelegate.swift */ = {isa = PBXFileReference; lastKnownFileType = sourcecode.swift; path = AppDelegate.swift; sourceTree = "<group>"; };
		D95AE7462447D03A002C944E /* ViewController.swift */ = {isa = PBXFileReference; lastKnownFileType = sourcecode.swift; path = ViewController.swift; sourceTree = "<group>"; };
		D95AE7482447D03B002C944E /* Assets.xcassets */ = {isa = PBXFileReference; lastKnownFileType = folder.assetcatalog; path = Assets.xcassets; sourceTree = "<group>"; };
		D95AE74B2447D03C002C944E /* Base */ = {isa = PBXFileReference; lastKnownFileType = file.storyboard; name = Base; path = Base.lproj/Main.storyboard; sourceTree = "<group>"; };
		D95AE74D2447D03C002C944E /* Info.plist */ = {isa = PBXFileReference; lastKnownFileType = text.plist.xml; path = Info.plist; sourceTree = "<group>"; };
		D95AE74E2447D03C002C944E /* MandelbrotOSX4.entitlements */ = {isa = PBXFileReference; lastKnownFileType = text.plist.entitlements; path = MandelbrotOSX4.entitlements; sourceTree = "<group>"; };
		D95AE7532447D03C002C944E /* MandelbrotOSX4Tests.xctest */ = {isa = PBXFileReference; explicitFileType = wrapper.cfbundle; includeInIndex = 0; path = MandelbrotOSX4Tests.xctest; sourceTree = BUILT_PRODUCTS_DIR; };
		D95AE7572447D03C002C944E /* MandelbrotOSX4Tests.swift */ = {isa = PBXFileReference; lastKnownFileType = sourcecode.swift; path = MandelbrotOSX4Tests.swift; sourceTree = "<group>"; };
		D95AE7592447D03C002C944E /* Info.plist */ = {isa = PBXFileReference; lastKnownFileType = text.plist.xml; path = Info.plist; sourceTree = "<group>"; };
		D95AE75E2447D03C002C944E /* MandelbrotOSX4UITests.xctest */ = {isa = PBXFileReference; explicitFileType = wrapper.cfbundle; includeInIndex = 0; path = MandelbrotOSX4UITests.xctest; sourceTree = BUILT_PRODUCTS_DIR; };
		D95AE7622447D03C002C944E /* MandelbrotOSX4UITests.swift */ = {isa = PBXFileReference; lastKnownFileType = sourcecode.swift; path = MandelbrotOSX4UITests.swift; sourceTree = "<group>"; };
		D95AE7642447D03C002C944E /* Info.plist */ = {isa = PBXFileReference; lastKnownFileType = text.plist.xml; path = Info.plist; sourceTree = "<group>"; };
		D95AE7702447D09B002C944E /* CustomImageView.swift */ = {isa = PBXFileReference; lastKnownFileType = sourcecode.swift; path = CustomImageView.swift; sourceTree = "<group>"; };
/* End PBXFileReference section */

/* Begin PBXFrameworksBuildPhase section */
		D95AE73E2447D03A002C944E /* Frameworks */ = {
			isa = PBXFrameworksBuildPhase;
			buildActionMask = 2147483647;
			files = (
			);
			runOnlyForDeploymentPostprocessing = 0;
		};
		D95AE7502447D03C002C944E /* Frameworks */ = {
			isa = PBXFrameworksBuildPhase;
			buildActionMask = 2147483647;
			files = (
			);
			runOnlyForDeploymentPostprocessing = 0;
		};
		D95AE75B2447D03C002C944E /* Frameworks */ = {
			isa = PBXFrameworksBuildPhase;
			buildActionMask = 2147483647;
			files = (
			);
			runOnlyForDeploymentPostprocessing = 0;
		};
/* End PBXFrameworksBuildPhase section */

/* Begin PBXGroup section */
		D95AE7382447D03A002C944E = {
			isa = PBXGroup;
			children = (
				D95AE7432447D03A002C944E /* MandelbrotOSX4 */,
				D95AE7562447D03C002C944E /* MandelbrotOSX4Tests */,
				D95AE7612447D03C002C944E /* MandelbrotOSX4UITests */,
				D95AE7422447D03A002C944E /* Products */,
			);
			sourceTree = "<group>";
		};
		D95AE7422447D03A002C944E /* Products */ = {
			isa = PBXGroup;
			children = (
				D95AE7412447D03A002C944E /* MandelbrotOSX4.app */,
				D95AE7532447D03C002C944E /* MandelbrotOSX4Tests.xctest */,
				D95AE75E2447D03C002C944E /* MandelbrotOSX4UITests.xctest */,
			);
			name = Products;
			sourceTree = "<group>";
		};
		D95AE7432447D03A002C944E /* MandelbrotOSX4 */ = {
			isa = PBXGroup;
			children = (
				D95AE7442447D03A002C944E /* AppDelegate.swift */,
				D95AE7462447D03A002C944E /* ViewController.swift */,
				D95AE7702447D09B002C944E /* CustomImageView.swift */,
				D95AE7482447D03B002C944E /* Assets.xcassets */,
				D95AE74A2447D03C002C944E /* Main.storyboard */,
				D95AE74D2447D03C002C944E /* Info.plist */,
				D95AE74E2447D03C002C944E /* MandelbrotOSX4.entitlements */,
			);
			path = MandelbrotOSX4;
			sourceTree = "<group>";
		};
		D95AE7562447D03C002C944E /* MandelbrotOSX4Tests */ = {
			isa = PBXGroup;
			children = (
				D95AE7572447D03C002C944E /* MandelbrotOSX4Tests.swift */,
				D95AE7592447D03C002C944E /* Info.plist */,
			);
			path = MandelbrotOSX4Tests;
			sourceTree = "<group>";
		};
		D95AE7612447D03C002C944E /* MandelbrotOSX4UITests */ = {
			isa = PBXGroup;
			children = (
				D95AE7622447D03C002C944E /* MandelbrotOSX4UITests.swift */,
				D95AE7642447D03C002C944E /* Info.plist */,
			);
			path = MandelbrotOSX4UITests;
			sourceTree = "<group>";
		};
/* End PBXGroup section */

/* Begin PBXNativeTarget section */
		D95AE7402447D03A002C944E /* MandelbrotOSX4 */ = {
			isa = PBXNativeTarget;
			buildConfigurationList = D95AE7672447D03C002C944E /* Build configuration list for PBXNativeTarget "MandelbrotOSX4" */;
			buildPhases = (
				D95AE73D2447D03A002C944E /* Sources */,
				D95AE73E2447D03A002C944E /* Frameworks */,
				D95AE73F2447D03A002C944E /* Resources */,
			);
			buildRules = (
			);
			dependencies = (
			);
			name = MandelbrotOSX4;
			productName = MandelbrotOSX4;
			productReference = D95AE7412447D03A002C944E /* MandelbrotOSX4.app */;
			productType = "com.apple.product-type.application";
		};
		D95AE7522447D03C002C944E /* MandelbrotOSX4Tests */ = {
			isa = PBXNativeTarget;
			buildConfigurationList = D95AE76A2447D03C002C944E /* Build configuration list for PBXNativeTarget "MandelbrotOSX4Tests" */;
			buildPhases = (
				D95AE74F2447D03C002C944E /* Sources */,
				D95AE7502447D03C002C944E /* Frameworks */,
				D95AE7512447D03C002C944E /* Resources */,
			);
			buildRules = (
			);
			dependencies = (
				D95AE7552447D03C002C944E /* PBXTargetDependency */,
			);
			name = MandelbrotOSX4Tests;
			productName = MandelbrotOSX4Tests;
			productReference = D95AE7532447D03C002C944E /* MandelbrotOSX4Tests.xctest */;
			productType = "com.apple.product-type.bundle.unit-test";
		};
		D95AE75D2447D03C002C944E /* MandelbrotOSX4UITests */ = {
			isa = PBXNativeTarget;
			buildConfigurationList = D95AE76D2447D03C002C944E /* Build configuration list for PBXNativeTarget "MandelbrotOSX4UITests" */;
			buildPhases = (
				D95AE75A2447D03C002C944E /* Sources */,
				D95AE75B2447D03C002C944E /* Frameworks */,
				D95AE75C2447D03C002C944E /* Resources */,
			);
			buildRules = (
			);
			dependencies = (
				D95AE7602447D03C002C944E /* PBXTargetDependency */,
			);
			name = MandelbrotOSX4UITests;
			productName = MandelbrotOSX4UITests;
			productReference = D95AE75E2447D03C002C944E /* MandelbrotOSX4UITests.xctest */;
			productType = "com.apple.product-type.bundle.ui-testing";
		};
/* End PBXNativeTarget section */

/* Begin PBXProject section */
		D95AE7392447D03A002C944E /* Project object */ = {
			isa = PBXProject;
			attributes = {
				LastSwiftUpdateCheck = 1140;
				LastUpgradeCheck = 1140;
				ORGANIZATIONNAME = "Michael O'Connell";
				TargetAttributes = {
					D95AE7402447D03A002C944E = {
						CreatedOnToolsVersion = 11.4;
					};
					D95AE7522447D03C002C944E = {
						CreatedOnToolsVersion = 11.4;
						TestTargetID = D95AE7402447D03A002C944E;
					};
					D95AE75D2447D03C002C944E = {
						CreatedOnToolsVersion = 11.4;
						TestTargetID = D95AE7402447D03A002C944E;
					};
				};
			};
			buildConfigurationList = D95AE73C2447D03A002C944E /* Build configuration list for PBXProject "MandelbrotOSX4" */;
			compatibilityVersion = "Xcode 9.3";
			developmentRegion = en;
			hasScannedForEncodings = 0;
			knownRegions = (
				en,
				Base,
			);
			mainGroup = D95AE7382447D03A002C944E;
			productRefGroup = D95AE7422447D03A002C944E /* Products */;
			projectDirPath = "";
			projectRoot = "";
			targets = (
				D95AE7402447D03A002C944E /* MandelbrotOSX4 */,
				D95AE7522447D03C002C944E /* MandelbrotOSX4Tests */,
				D95AE75D2447D03C002C944E /* MandelbrotOSX4UITests */,
			);
		};
/* End PBXProject section */

/* Begin PBXResourcesBuildPhase section */
		D95AE73F2447D03A002C944E /* Resources */ = {
			isa = PBXResourcesBuildPhase;
			buildActionMask = 2147483647;
			files = (
				D95AE7492447D03B002C944E /* Assets.xcassets in Resources */,
				D95AE74C2447D03C002C944E /* Main.storyboard in Resources */,
			);
			runOnlyForDeploymentPostprocessing = 0;
		};
		D95AE7512447D03C002C944E /* Resources */ = {
			isa = PBXResourcesBuildPhase;
			buildActionMask = 2147483647;
			files = (
			);
			runOnlyForDeploymentPostprocessing = 0;
		};
		D95AE75C2447D03C002C944E /* Resources */ = {
			isa = PBXResourcesBuildPhase;
			buildActionMask = 2147483647;
			files = (
			);
			runOnlyForDeploymentPostprocessing = 0;
		};
/* End PBXResourcesBuildPhase section */

/* Begin PBXSourcesBuildPhase section */
		D95AE73D2447D03A002C944E /* Sources */ = {
			isa = PBXSourcesBuildPhase;
			buildActionMask = 2147483647;
			files = (
				D95AE7472447D03A002C944E /* ViewController.swift in Sources */,
				D95AE7712447D09B002C944E /* CustomImageView.swift in Sources */,
				D95AE7452447D03A002C944E /* AppDelegate.swift in Sources */,
			);
			runOnlyForDeploymentPostprocessing = 0;
		};
		D95AE74F2447D03C002C944E /* Sources */ = {
			isa = PBXSourcesBuildPhase;
			buildActionMask = 2147483647;
			files = (
				D95AE7582447D03C002C944E /* MandelbrotOSX4Tests.swift in Sources */,
			);
			runOnlyForDeploymentPostprocessing = 0;
		};
		D95AE75A2447D03C002C944E /* Sources */ = {
			isa = PBXSourcesBuildPhase;
			buildActionMask = 2147483647;
			files = (
				D95AE7632447D03C002C944E /* MandelbrotOSX4UITests.swift in Sources */,
			);
			runOnlyForDeploymentPostprocessing = 0;
		};
/* End PBXSourcesBuildPhase section */

/* Begin PBXTargetDependency section */
		D95AE7552447D03C002C944E /* PBXTargetDependency */ = {
			isa = PBXTargetDependency;
			target = D95AE7402447D03A002C944E /* MandelbrotOSX4 */;
			targetProxy = D95AE7542447D03C002C944E /* PBXContainerItemProxy */;
		};
		D95AE7602447D03C002C944E /* PBXTargetDependency */ = {
			isa = PBXTargetDependency;
			target = D95AE7402447D03A002C944E /* MandelbrotOSX4 */;
			targetProxy = D95AE75F2447D03C002C944E /* PBXContainerItemProxy */;
		};
/* End PBXTargetDependency section */

/* Begin PBXVariantGroup section */
		D95AE74A2447D03C002C944E /* Main.storyboard */ = {
			isa = PBXVariantGroup;
			children = (
				D95AE74B2447D03C002C944E /* Base */,
			);
			name = Main.storyboard;
			sourceTree = "<group>";
		};
/* End PBXVariantGroup section */

/* Begin XCBuildConfiguration section */
		D95AE7652447D03C002C944E /* Debug */ = {
			isa = XCBuildConfiguration;
			buildSettings = {
				ALWAYS_SEARCH_USER_PATHS = NO;
				CLANG_ANALYZER_NONNULL = YES;
				CLANG_ANALYZER_NUMBER_OBJECT_CONVERSION = YES_AGGRESSIVE;
				CLANG_CXX_LANGUAGE_STANDARD = "gnu++14";
				CLANG_CXX_LIBRARY = "libc++";
				CLANG_ENABLE_MODULES = YES;
				CLANG_ENABLE_OBJC_ARC = YES;
				CLANG_ENABLE_OBJC_WEAK = YES;
				CLANG_WARN_BLOCK_CAPTURE_AUTORELEASING = YES;
				CLANG_WARN_BOOL_CONVERSION = YES;
				CLANG_WARN_COMMA = YES;
				CLANG_WARN_CONSTANT_CONVERSION = YES;
				CLANG_WARN_DEPRECATED_OBJC_IMPLEMENTATIONS = YES;
				CLANG_WARN_DIRECT_OBJC_ISA_USAGE = YES_ERROR;
				CLANG_WARN_DOCUMENTATION_COMMENTS = YES;
				CLANG_WARN_EMPTY_BODY = YES;
				CLANG_WARN_ENUM_CONVERSION = YES;
				CLANG_WARN_INFINITE_RECURSION = YES;
				CLANG_WARN_INT_CONVERSION = YES;
				CLANG_WARN_NON_LITERAL_NULL_CONVERSION = YES;
				CLANG_WARN_OBJC_IMPLICIT_RETAIN_SELF = YES;
				CLANG_WARN_OBJC_LITERAL_CONVERSION = YES;
				CLANG_WARN_OBJC_ROOT_CLASS = YES_ERROR;
				CLANG_WARN_RANGE_LOOP_ANALYSIS = YES;
				CLANG_WARN_STRICT_PROTOTYPES = YES;
				CLANG_WARN_SUSPICIOUS_MOVE = YES;
				CLANG_WARN_UNGUARDED_AVAILABILITY = YES_AGGRESSIVE;
				CLANG_WARN_UNREACHABLE_CODE = YES;
				CLANG_WARN__DUPLICATE_METHOD_MATCH = YES;
				COPY_PHASE_STRIP = NO;
				DEBUG_INFORMATION_FORMAT = dwarf;
				ENABLE_STRICT_OBJC_MSGSEND = YES;
				ENABLE_TESTABILITY = YES;
				GCC_C_LANGUAGE_STANDARD = gnu11;
				GCC_DYNAMIC_NO_PIC = NO;
				GCC_NO_COMMON_BLOCKS = YES;
				GCC_OPTIMIZATION_LEVEL = 0;
				GCC_PREPROCESSOR_DEFINITIONS = (
					"DEBUG=1",
					"$(inherited)",
				);
				GCC_WARN_64_TO_32_BIT_CONVERSION = YES;
				GCC_WARN_ABOUT_RETURN_TYPE = YES_ERROR;
				GCC_WARN_UNDECLARED_SELECTOR = YES;
				GCC_WARN_UNINITIALIZED_AUTOS = YES_AGGRESSIVE;
				GCC_WARN_UNUSED_FUNCTION = YES;
				GCC_WARN_UNUSED_VARIABLE = YES;
				MACOSX_DEPLOYMENT_TARGET = 10.15;
				MTL_ENABLE_DEBUG_INFO = INCLUDE_SOURCE;
				MTL_FAST_MATH = YES;
				ONLY_ACTIVE_ARCH = YES;
				SDKROOT = macosx;
				SWIFT_ACTIVE_COMPILATION_CONDITIONS = DEBUG;
				SWIFT_OPTIMIZATION_LEVEL = "-Onone";
			};
			name = Debug;
		};
		D95AE7662447D03C002C944E /* Release */ = {
			isa = XCBuildConfiguration;
			buildSettings = {
				ALWAYS_SEARCH_USER_PATHS = NO;
				CLANG_ANALYZER_NONNULL = YES;
				CLANG_ANALYZER_NUMBER_OBJECT_CONVERSION = YES_AGGRESSIVE;
				CLANG_CXX_LANGUAGE_STANDARD = "gnu++14";
				CLANG_CXX_LIBRARY = "libc++";
				CLANG_ENABLE_MODULES = YES;
				CLANG_ENABLE_OBJC_ARC = YES;
				CLANG_ENABLE_OBJC_WEAK = YES;
				CLANG_WARN_BLOCK_CAPTURE_AUTORELEASING = YES;
				CLANG_WARN_BOOL_CONVERSION = YES;
				CLANG_WARN_COMMA = YES;
				CLANG_WARN_CONSTANT_CONVERSION = YES;
				CLANG_WARN_DEPRECATED_OBJC_IMPLEMENTATIONS = YES;
				CLANG_WARN_DIRECT_OBJC_ISA_USAGE = YES_ERROR;
				CLANG_WARN_DOCUMENTATION_COMMENTS = YES;
				CLANG_WARN_EMPTY_BODY = YES;
				CLANG_WARN_ENUM_CONVERSION = YES;
				CLANG_WARN_INFINITE_RECURSION = YES;
				CLANG_WARN_INT_CONVERSION = YES;
				CLANG_WARN_NON_LITERAL_NULL_CONVERSION = YES;
				CLANG_WARN_OBJC_IMPLICIT_RETAIN_SELF = YES;
				CLANG_WARN_OBJC_LITERAL_CONVERSION = YES;
				CLANG_WARN_OBJC_ROOT_CLASS = YES_ERROR;
				CLANG_WARN_RANGE_LOOP_ANALYSIS = YES;
				CLANG_WARN_STRICT_PROTOTYPES = YES;
				CLANG_WARN_SUSPICIOUS_MOVE = YES;
				CLANG_WARN_UNGUARDED_AVAILABILITY = YES_AGGRESSIVE;
				CLANG_WARN_UNREACHABLE_CODE = YES;
				CLANG_WARN__DUPLICATE_METHOD_MATCH = YES;
				COPY_PHASE_STRIP = NO;
				DEBUG_INFORMATION_FORMAT = "dwarf-with-dsym";
				ENABLE_NS_ASSERTIONS = NO;
				ENABLE_STRICT_OBJC_MSGSEND = YES;
				GCC_C_LANGUAGE_STANDARD = gnu11;
				GCC_NO_COMMON_BLOCKS = YES;
				GCC_WARN_64_TO_32_BIT_CONVERSION = YES;
				GCC_WARN_ABOUT_RETURN_TYPE = YES_ERROR;
				GCC_WARN_UNDECLARED_SELECTOR = YES;
				GCC_WARN_UNINITIALIZED_AUTOS = YES_AGGRESSIVE;
				GCC_WARN_UNUSED_FUNCTION = YES;
				GCC_WARN_UNUSED_VARIABLE = YES;
				MACOSX_DEPLOYMENT_TARGET = 10.15;
				MTL_ENABLE_DEBUG_INFO = NO;
				MTL_FAST_MATH = YES;
				SDKROOT = macosx;
				SWIFT_COMPILATION_MODE = wholemodule;
				SWIFT_OPTIMIZATION_LEVEL = "-O";
			};
			name = Release;
		};
		D95AE7682447D03C002C944E /* Debug */ = {
			isa = XCBuildConfiguration;
			buildSettings = {
				ASSETCATALOG_COMPILER_APPICON_NAME = AppIcon;
				CODE_SIGN_ENTITLEMENTS = MandelbrotOSX4/MandelbrotOSX4.entitlements;
				CODE_SIGN_STYLE = Automatic;
				COMBINE_HIDPI_IMAGES = YES;
				DEVELOPMENT_TEAM = 5RKJCTW7W3;
				ENABLE_HARDENED_RUNTIME = YES;
				INFOPLIST_FILE = MandelbrotOSX4/Info.plist;
				LD_RUNPATH_SEARCH_PATHS = (
					"$(inherited)",
					"@executable_path/../Frameworks",
				);
				PRODUCT_BUNDLE_IDENTIFIER = org.sandcreekstudios.MandelbrotOSX4;
				PRODUCT_NAME = "$(TARGET_NAME)";
				SWIFT_VERSION = 5.0;
			};
			name = Debug;
		};
		D95AE7692447D03C002C944E /* Release */ = {
			isa = XCBuildConfiguration;
			buildSettings = {
				ASSETCATALOG_COMPILER_APPICON_NAME = AppIcon;
				CODE_SIGN_ENTITLEMENTS = MandelbrotOSX4/MandelbrotOSX4.entitlements;
				CODE_SIGN_STYLE = Automatic;
				COMBINE_HIDPI_IMAGES = YES;
				DEVELOPMENT_TEAM = 5RKJCTW7W3;
				ENABLE_HARDENED_RUNTIME = YES;
				INFOPLIST_FILE = MandelbrotOSX4/Info.plist;
				LD_RUNPATH_SEARCH_PATHS = (
					"$(inherited)",
					"@executable_path/../Frameworks",
				);
				PRODUCT_BUNDLE_IDENTIFIER = org.sandcreekstudios.MandelbrotOSX4;
				PRODUCT_NAME = "$(TARGET_NAME)";
				SWIFT_VERSION = 5.0;
			};
			name = Release;
		};
		D95AE76B2447D03C002C944E /* Debug */ = {
			isa = XCBuildConfiguration;
			buildSettings = {
				ALWAYS_EMBED_SWIFT_STANDARD_LIBRARIES = YES;
				BUNDLE_LOADER = "$(TEST_HOST)";
				CODE_SIGN_STYLE = Automatic;
				COMBINE_HIDPI_IMAGES = YES;
				DEVELOPMENT_TEAM = 5RKJCTW7W3;
				INFOPLIST_FILE = MandelbrotOSX4Tests/Info.plist;
				LD_RUNPATH_SEARCH_PATHS = (
					"$(inherited)",
					"@executable_path/../Frameworks",
					"@loader_path/../Frameworks",
				);
				MACOSX_DEPLOYMENT_TARGET = 10.15;
				PRODUCT_BUNDLE_IDENTIFIER = org.sandcreekstudios.MandelbrotOSX4Tests;
				PRODUCT_NAME = "$(TARGET_NAME)";
				SWIFT_VERSION = 5.0;
				TEST_HOST = "$(BUILT_PRODUCTS_DIR)/MandelbrotOSX4.app/Contents/MacOS/MandelbrotOSX4";
			};
			name = Debug;
		};
		D95AE76C2447D03C002C944E /* Release */ = {
			isa = XCBuildConfiguration;
			buildSettings = {
				ALWAYS_EMBED_SWIFT_STANDARD_LIBRARIES = YES;
				BUNDLE_LOADER = "$(TEST_HOST)";
				CODE_SIGN_STYLE = Automatic;
				COMBINE_HIDPI_IMAGES = YES;
				DEVELOPMENT_TEAM = 5RKJCTW7W3;
				INFOPLIST_FILE = MandelbrotOSX4Tests/Info.plist;
				LD_RUNPATH_SEARCH_PATHS = (
					"$(inherited)",
					"@executable_path/../Frameworks",
					"@loader_path/../Frameworks",
				);
				MACOSX_DEPLOYMENT_TARGET = 10.15;
				PRODUCT_BUNDLE_IDENTIFIER = org.sandcreekstudios.MandelbrotOSX4Tests;
				PRODUCT_NAME = "$(TARGET_NAME)";
				SWIFT_VERSION = 5.0;
				TEST_HOST = "$(BUILT_PRODUCTS_DIR)/MandelbrotOSX4.app/Contents/MacOS/MandelbrotOSX4";
			};
			name = Release;
		};
		D95AE76E2447D03C002C944E /* Debug */ = {
			isa = XCBuildConfiguration;
			buildSettings = {
				ALWAYS_EMBED_SWIFT_STANDARD_LIBRARIES = YES;
				CODE_SIGN_STYLE = Automatic;
				COMBINE_HIDPI_IMAGES = YES;
				DEVELOPMENT_TEAM = 5RKJCTW7W3;
				INFOPLIST_FILE = MandelbrotOSX4UITests/Info.plist;
				LD_RUNPATH_SEARCH_PATHS = (
					"$(inherited)",
					"@executable_path/../Frameworks",
					"@loader_path/../Frameworks",
				);
				PRODUCT_BUNDLE_IDENTIFIER = org.sandcreekstudios.MandelbrotOSX4UITests;
				PRODUCT_NAME = "$(TARGET_NAME)";
				SWIFT_VERSION = 5.0;
				TEST_TARGET_NAME = MandelbrotOSX4;
			};
			name = Debug;
		};
		D95AE76F2447D03C002C944E /* Release */ = {
			isa = XCBuildConfiguration;
			buildSettings = {
				ALWAYS_EMBED_SWIFT_STANDARD_LIBRARIES = YES;
				CODE_SIGN_STYLE = Automatic;
				COMBINE_HIDPI_IMAGES = YES;
				DEVELOPMENT_TEAM = 5RKJCTW7W3;
				INFOPLIST_FILE = MandelbrotOSX4UITests/Info.plist;
				LD_RUNPATH_SEARCH_PATHS = (
					"$(inherited)",
					"@executable_path/../Frameworks",
					"@loader_path/../Frameworks",
				);
				PRODUCT_BUNDLE_IDENTIFIER = org.sandcreekstudios.MandelbrotOSX4UITests;
				PRODUCT_NAME = "$(TARGET_NAME)";
				SWIFT_VERSION = 5.0;
				TEST_TARGET_NAME = MandelbrotOSX4;
			};
			name = Release;
		};
/* End XCBuildConfiguration section */

/* Begin XCConfigurationList section */
		D95AE73C2447D03A002C944E /* Build configuration list for PBXProject "MandelbrotOSX4" */ = {
			isa = XCConfigurationList;
			buildConfigurations = (
				D95AE7652447D03C002C944E /* Debug */,
				D95AE7662447D03C002C944E /* Release */,
			);
			defaultConfigurationIsVisible = 0;
			defaultConfigurationName = Release;
		};
		D95AE7672447D03C002C944E /* Build configuration list for PBXNativeTarget "MandelbrotOSX4" */ = {
			isa = XCConfigurationList;
			buildConfigurations = (
				D95AE7682447D03C002C944E /* Debug */,
				D95AE7692447D03C002C944E /* Release */,
			);
			defaultConfigurationIsVisible = 0;
			defaultConfigurationName = Release;
		};
		D95AE76A2447D03C002C944E /* Build configuration list for PBXNativeTarget "MandelbrotOSX4Tests" */ = {
			isa = XCConfigurationList;
			buildConfigurations = (
				D95AE76B2447D03C002C944E /* Debug */,
				D95AE76C2447D03C002C944E /* Release */,
			);
			defaultConfigurationIsVisible = 0;
			defaultConfigurationName = Release;
		};
		D95AE76D2447D03C002C944E /* Build configuration list for PBXNativeTarget "MandelbrotOSX4UITests" */ = {
			isa = XCConfigurationList;
			buildConfigurations = (
				D95AE76E2447D03C002C944E /* Debug */,
				D95AE76F2447D03C002C944E /* Release */,
			);
			defaultConfigurationIsVisible = 0;
			defaultConfigurationName = Release;
		};
/* End XCConfigurationList section */
	};
	rootObject = D95AE7392447D03A002C944E /* Project object */;
}
